
Microsoft Visual Studio Solution File, Format Version 12.00
# Visual Studio Version 17
VisualStudioVersion = 17.11.35222.181
MinimumVisualStudioVersion = 10.0.40219.1
Project("{888888A0-9F3D-457C-B088-3A5042F75D52}") = "Reverse", "Reverse.pyproj", "{344C0813-1A52-41E7-8365-F66BA787D444}"
EndProject
Global
	GlobalSection(SolutionConfigurationPlatforms) = preSolution
		Debug|Any CPU = Debug|Any CPU
		Release|Any CPU = Release|Any CPU
	EndGlobalSection
	GlobalSection(ProjectConfigurationPlatforms) = postSolution
		{344C0813-1A52-41E7-8365-F66BA787D444}.Debug|Any CPU.ActiveCfg = Debug|Any CPU
		{344C0813-1A52-41E7-8365-F66BA787D444}.Release|Any CPU.ActiveCfg = Release|Any CPU
	EndGlobalSection
	GlobalSection(SolutionProperties) = preSolution
		HideSolutionNode = FALSE
	EndGlobalSection
	GlobalSection(ExtensibilityGlobals) = postSolution
		SolutionGuid = {63AD710F-14AC-48C8-88DC-04CF94B8A4AD}
	EndGlobalSection
EndGlobal
